{
  "name": "angularjs-dev-wrapper",
  "version": "1.0.0",
  "lockfileVersion": 1,
  "requires": true,
  "dependencies": {
    "@types/angular": {
      "version": "1.6.53",
      "resolved": "https://registry.npmjs.org/@types/angular/-/angular-1.6.53.tgz",
      "integrity": "sha512-46op53S8hnDl9o6VOmMAXBv3laK8i2OyXOfriDwe6VRfh8wVFilIniLaNsz2pPpAM4oUwsBYFt7ZThe+IMnIeA==",
      "dev": true
    },
    "almond": {
      "version": "0.3.3",
      "resolved": "https://registry.npmjs.org/almond/-/almond-0.3.3.tgz",
      "integrity": "sha1-oOfJWsdiTWQXtElLHmi/9pMWiiA="
    },
    "typescript": {
      "version": "2.5.2",
      "resolved": "https://registry.npmjs.org/typescript/-/typescript-2.5.2.tgz",
      "integrity": "sha1-A4qV99m7tCCxvzW6MdTFwd0//jQ=",
      "dev": true
    }
  }
}
